
Microsoft Visual Studio Solution File, Format Version 12.00
# Visual Studio Version 17
VisualStudioVersion = 17.4.33205.214
MinimumVisualStudioVersion = 10.0.40219.1
Project("{9A19103F-16F7-4668-BE54-9A1E7A4F7556}") = "GeliuParduotuveFrontEnd", "GeliuParduotuveFrontEnd\GeliuParduotuveFrontEnd.csproj", "{40C2DB22-B232-4473-8F5F-14016F4CA59A}"
EndProject
Global
	GlobalSection(SolutionConfigurationPlatforms) = preSolution
		Debug|Any CPU = Debug|Any CPU
		Release|Any CPU = Release|Any CPU
	EndGlobalSection
	GlobalSection(ProjectConfigurationPlatforms) = postSolution
		{40C2DB22-B232-4473-8F5F-14016F4CA59A}.Debug|Any CPU.ActiveCfg = Debug|Any CPU
		{40C2DB22-B232-4473-8F5F-14016F4CA59A}.Debug|Any CPU.Build.0 = Debug|Any CPU
		{40C2DB22-B232-4473-8F5F-14016F4CA59A}.Release|Any CPU.ActiveCfg = Release|Any CPU
		{40C2DB22-B232-4473-8F5F-14016F4CA59A}.Release|Any CPU.Build.0 = Release|Any CPU
	EndGlobalSection
	GlobalSection(SolutionProperties) = preSolution
		HideSolutionNode = FALSE
	EndGlobalSection
	GlobalSection(ExtensibilityGlobals) = postSolution
		SolutionGuid = {CE2BB2AA-FF0F-445E-87F1-80E5A72538C0}
	EndGlobalSection
EndGlobal
